lockVersion: 2.0.0
id: 3442177f-e4e2-40fb-94ee-ba3ecb8259f8
management:
  docChecksum: df6b15cd184d456978f0493f21172731
  docVersion: 1.0.0
  speakeasyVersion: 1.460.3
  generationVersion: 2.484.0
  releaseVersion: 0.5.0
  configChecksum: 1577153ca0cdd6283ff683b4f1985938
  repoURL: https://github.com/vishalg0wda/petstore-java.git
  published: true
features:
  java:
    additionalDependencies: 0.1.0
    core: 3.33.4
    globalSecurityCallbacks: 0.1.0
    globalServerURLs: 2.82.1
    groups: 2.81.2
    nameOverrides: 2.81.3
    sdkHooks: 0.1.0
generatedFiles:
  - .gitattributes
  - CONTRIBUTING.md
  - USAGE.md
  - build.gradle
  - docs/models/operations/GetJediResponse.md
  - docs/models/operations/GetJediResponseBody.md
  - docs/models/operations/GetSithResponse.md
  - docs/models/operations/GetSithResponseBody.md
  - docs/sdks/deathstar/README.md
  - docs/sdks/jedi/README.md
  - docs/sdks/sith/README.md
  - gradle/wrapper/gradle-wrapper.jar
  - gradle/wrapper/gradle-wrapper.properties
  - gradlew
  - gradlew.bat
  - settings.gradle
  - src/main/java/io/github/vishalg0wda/deathstar/Deathstar.java
  - src/main/java/io/github/vishalg0wda/deathstar/Jedi.java
  - src/main/java/io/github/vishalg0wda/deathstar/SDKConfiguration.java
  - src/main/java/io/github/vishalg0wda/deathstar/SecuritySource.java
  - src/main/java/io/github/vishalg0wda/deathstar/Sith.java
  - src/main/java/io/github/vishalg0wda/deathstar/models/components/Security.java
  - src/main/java/io/github/vishalg0wda/deathstar/models/errors/APIException.java
  - src/main/java/io/github/vishalg0wda/deathstar/models/errors/AuthException.java
  - src/main/java/io/github/vishalg0wda/deathstar/models/operations/GetJediRequestBuilder.java
  - src/main/java/io/github/vishalg0wda/deathstar/models/operations/GetJediResponse.java
  - src/main/java/io/github/vishalg0wda/deathstar/models/operations/GetJediResponseBody.java
  - src/main/java/io/github/vishalg0wda/deathstar/models/operations/GetSithRequestBuilder.java
  - src/main/java/io/github/vishalg0wda/deathstar/models/operations/GetSithResponse.java
  - src/main/java/io/github/vishalg0wda/deathstar/models/operations/GetSithResponseBody.java
  - src/main/java/io/github/vishalg0wda/deathstar/models/operations/SDKMethodInterfaces.java
  - src/main/java/io/github/vishalg0wda/deathstar/utils/BackoffStrategy.java
  - src/main/java/io/github/vishalg0wda/deathstar/utils/BigDecimalString.java
  - src/main/java/io/github/vishalg0wda/deathstar/utils/BigIntegerString.java
  - src/main/java/io/github/vishalg0wda/deathstar/utils/Deserializers.java
  - src/main/java/io/github/vishalg0wda/deathstar/utils/EventStream.java
  - src/main/java/io/github/vishalg0wda/deathstar/utils/EventStreamLineReader.java
  - src/main/java/io/github/vishalg0wda/deathstar/utils/EventStreamMessage.java
  - src/main/java/io/github/vishalg0wda/deathstar/utils/EventStreamReader.java
  - src/main/java/io/github/vishalg0wda/deathstar/utils/FormMetadata.java
  - src/main/java/io/github/vishalg0wda/deathstar/utils/HTTPClient.java
  - src/main/java/io/github/vishalg0wda/deathstar/utils/HTTPRequest.java
  - src/main/java/io/github/vishalg0wda/deathstar/utils/HeaderMetadata.java
  - src/main/java/io/github/vishalg0wda/deathstar/utils/Helpers.java
  - src/main/java/io/github/vishalg0wda/deathstar/utils/Hook.java
  - src/main/java/io/github/vishalg0wda/deathstar/utils/Hooks.java
  - src/main/java/io/github/vishalg0wda/deathstar/utils/JSON.java
  - src/main/java/io/github/vishalg0wda/deathstar/utils/LazySingletonValue.java
  - src/main/java/io/github/vishalg0wda/deathstar/utils/Metadata.java
  - src/main/java/io/github/vishalg0wda/deathstar/utils/MultipartFormMetadata.java
  - src/main/java/io/github/vishalg0wda/deathstar/utils/OneOfDeserializer.java
  - src/main/java/io/github/vishalg0wda/deathstar/utils/Options.java
  - src/main/java/io/github/vishalg0wda/deathstar/utils/PathParamsMetadata.java
  - src/main/java/io/github/vishalg0wda/deathstar/utils/QueryParameter.java
  - src/main/java/io/github/vishalg0wda/deathstar/utils/QueryParameters.java
  - src/main/java/io/github/vishalg0wda/deathstar/utils/QueryParamsMetadata.java
  - src/main/java/io/github/vishalg0wda/deathstar/utils/RequestBody.java
  - src/main/java/io/github/vishalg0wda/deathstar/utils/RequestMetadata.java
  - src/main/java/io/github/vishalg0wda/deathstar/utils/Response.java
  - src/main/java/io/github/vishalg0wda/deathstar/utils/Retries.java
  - src/main/java/io/github/vishalg0wda/deathstar/utils/RetryConfig.java
  - src/main/java/io/github/vishalg0wda/deathstar/utils/Security.java
  - src/main/java/io/github/vishalg0wda/deathstar/utils/SecurityMetadata.java
  - src/main/java/io/github/vishalg0wda/deathstar/utils/SerializedBody.java
  - src/main/java/io/github/vishalg0wda/deathstar/utils/SessionManager.java
  - src/main/java/io/github/vishalg0wda/deathstar/utils/SpeakeasyHTTPClient.java
  - src/main/java/io/github/vishalg0wda/deathstar/utils/SpeakeasyMetadata.java
  - src/main/java/io/github/vishalg0wda/deathstar/utils/TypedObject.java
  - src/main/java/io/github/vishalg0wda/deathstar/utils/Types.java
  - src/main/java/io/github/vishalg0wda/deathstar/utils/Utf8UrlEncoder.java
  - src/main/java/io/github/vishalg0wda/deathstar/utils/Utils.java
examples:
  updatePet:
    speakeasy-default-update-pet:
      requestBody:
        application/json: {"id": 10, "name": "doggie", "category": {"id": 1, "name": "Dogs"}, "photoUrls": ["<value>", "<value>"]}
      responses:
        "200":
          application/json: {"id": 10, "name": "doggie", "category": {"id": 1, "name": "Dogs"}, "photoUrls": ["<value>"]}
        "400":
          application/json: {"status": 400, "error": "Bad request"}
        "401":
          application/json: {"status": 401, "error": "Unauthorized"}
        "404":
          application/json: {"status": 404, "error": "Not Found", "code": "object_not_found"}
  addPet:
    speakeasy-default-add-pet:
      requestBody:
        application/json: {"id": 10, "name": "doggie", "category": {"id": 1, "name": "Dogs"}, "photoUrls": ["<value>"]}
      responses:
        "200":
          application/json: {"id": 10, "name": "doggie", "category": {"id": 1, "name": "Dogs"}, "photoUrls": ["<value>"]}
  findPetsByStatus:
    speakeasy-default-find-pets-by-status:
      responses:
        "200":
          application/json: [{"id": 10, "name": "doggie", "category": {"id": 1, "name": "Dogs"}, "photoUrls": []}, {"id": 10, "name": "doggie", "category": {"id": 1, "name": "Dogs"}, "photoUrls": ["<value>"]}, {"id": 10, "name": "doggie", "category": {"id": 1, "name": "Dogs"}, "photoUrls": []}]
        "400":
          application/json: {"status": 400, "error": "Bad request"}
        "401":
          application/json: {"status": 401, "error": "Unauthorized"}
        "404":
          application/json: {"status": 404, "error": "Not Found", "code": "object_not_found"}
  findPetsByTags:
    speakeasy-default-find-pets-by-tags:
      responses:
        "200":
          application/json: [{"id": 10, "name": "doggie", "category": {"id": 1, "name": "Dogs"}, "photoUrls": ["<value>", "<value>", "<value>"]}]
        "400":
          application/json: {"status": 400, "error": "Bad request"}
        "401":
          application/json: {"status": 401, "error": "Unauthorized"}
        "404":
          application/json: {"status": 404, "error": "Not Found", "code": "object_not_found"}
  getPetById:
    speakeasy-default-get-pet-by-id:
      parameters:
        path:
          petId: 504151
      responses:
        "200":
          application/json: {"id": 10, "name": "doggie", "category": {"id": 1, "name": "Dogs"}, "photoUrls": []}
        "400":
          application/json: {"status": 400, "error": "Bad request"}
        "401":
          application/json: {"status": 401, "error": "Unauthorized"}
        "404":
          application/json: {"status": 404, "error": "Not Found", "code": "object_not_found"}
  deletePet:
    speakeasy-default-delete-pet:
      parameters:
        path:
          petId: 441876
        header: {}
      responses:
        "200":
          application/json: {"id": 10, "name": "doggie", "category": {"id": 1, "name": "Dogs"}, "photoUrls": ["<value>"]}
        "400":
          application/json: {"status": 400, "error": "Bad request"}
        "401":
          application/json: {"status": 401, "error": "Unauthorized"}
        "404":
          application/json: {"status": 404, "error": "Not Found", "code": "object_not_found"}
  uploadFile:
    speakeasy-default-upload-file:
      parameters:
        path:
          petId: 565380
        query: {}
  getInventory:
    speakeasy-default-get-inventory:
      responses:
        "200":
          application/json: {"key": 373538}
        "401":
          application/json: {"status": 401, "error": "Unauthorized"}
        "404":
          application/json: {"status": 404, "error": "Not Found", "code": "object_not_found"}
  placeOrder:
    speakeasy-default-place-order:
      requestBody:
        application/json: {"id": 10, "petId": 198772, "quantity": 7, "status": "approved"}
      responses:
        "200":
          application/json: {"id": 10, "petId": 198772, "quantity": 7, "status": "approved"}
        "401":
          application/json: {"status": 401, "error": "Unauthorized"}
        "404":
          application/json: {"status": 404, "error": "Not Found", "code": "object_not_found"}
  getOrderById:
    speakeasy-default-get-order-by-id:
      parameters:
        path:
          orderId: 614993
      responses:
        "200":
          application/json: {"id": 10, "petId": 198772, "quantity": 7, "status": "approved"}
        "400":
          application/json: {"status": 400, "error": "Bad request"}
        "401":
          application/json: {"status": 401, "error": "Unauthorized"}
        "404":
          application/json: {"status": 404, "error": "Not Found", "code": "object_not_found"}
  deleteOrder:
    speakeasy-default-delete-order:
      parameters:
        path:
          orderId: 127902
      responses:
        "200":
          application/json: {"id": 10, "petId": 198772, "quantity": 7, "status": "approved"}
        "400":
          application/json: {"status": 400, "error": "Bad request"}
        "401":
          application/json: {"status": 401, "error": "Unauthorized"}
        "404":
          application/json: {"status": 404, "error": "Not Found", "code": "object_not_found"}
  createUser:
    speakeasy-default-create-user:
      requestBody:
        application/json: {"id": 10, "username": "theUser", "firstName": "John", "lastName": "James", "email": "john@email.com", "password": "12345", "phone": "12345", "userStatus": 1}
      responses:
        "200":
          application/json: {"id": 10, "username": "theUser", "firstName": "John", "lastName": "James", "email": "john@email.com", "password": "12345", "phone": "12345", "userStatus": 1}
  createUsersWithListInput:
    speakeasy-default-create-users-with-list-input:
      requestBody:
        application/json: []
      responses:
        "200":
          application/json: {"id": 10, "username": "theUser", "firstName": "John", "lastName": "James", "email": "john@email.com", "password": "12345", "phone": "12345", "userStatus": 1}
  loginUser:
    speakeasy-default-login-user:
      responses:
        "200":
          application/json: "<value>"
        "400":
          application/json: {"status": 400, "error": "Bad request"}
        "401":
          application/json: {"status": 401, "error": "Unauthorized"}
        "404":
          application/json: {"status": 404, "error": "Not Found", "code": "object_not_found"}
  logoutUser: {}
  getUserByName:
    speakeasy-default-get-user-by-name:
      parameters:
        path:
          username: "Zachery_Lubowitz15"
      responses:
        "200":
          application/json: {"id": 10, "username": "theUser", "firstName": "John", "lastName": "James", "email": "john@email.com", "password": "12345", "phone": "12345", "userStatus": 1}
        "400":
          application/json: {"status": 400, "error": "Bad request"}
        "401":
          application/json: {"status": 401, "error": "Unauthorized"}
        "404":
          application/json: {"status": 404, "error": "Not Found", "code": "object_not_found"}
  updateUser:
    speakeasy-default-update-user:
      parameters:
        path:
          username: "Dandre_Hand41"
      requestBody:
        application/json: {"id": 10, "username": "theUser", "firstName": "John", "lastName": "James", "email": "john@email.com", "password": "12345", "phone": "12345", "userStatus": 1}
  deleteUser:
    speakeasy-default-delete-user:
      parameters:
        path:
          username: "Demetris_Schmitt"
      responses:
        "200":
          application/json: {"id": 10, "username": "theUser", "firstName": "John", "lastName": "James", "email": "john@email.com", "password": "12345", "phone": "12345", "userStatus": 1}
        "400":
          application/json: {"status": 400, "error": "Bad request"}
        "401":
          application/json: {"status": 401, "error": "Unauthorized"}
        "404":
          application/json: {"status": 404, "error": "Not Found", "code": "object_not_found"}
  get_/jedi:
    speakeasy-default-get-/jedi:
      responses:
        "200":
          application/json: {"message": "May the Force be with you!"}
  get_/sith:
    speakeasy-default-get-/sith:
      responses:
        "200":
          application/json: {"message": "I am your father!"}
generatedTests: {}
