lockVersion: 2.0.0
id: 3442177f-e4e2-40fb-94ee-ba3ecb8259f8
management:
  docChecksum: eca4572634e0d830b2a8d7716ae31d73
  docVersion: 1.0.0
  speakeasyVersion: 1.439.0
  generationVersion: 2.457.9
  releaseVersion: 0.1.1
  configChecksum: 3580e30a50132d75f446cdb729d84dc3
features:
  java:
    additionalDependencies: 0.1.0
    constsAndDefaults: 0.1.1
    core: 3.31.1
    flattening: 2.81.1
    globalSecurity: 2.82.7
    globalSecurityCallbacks: 0.1.0
    globalSecurityFlattening: 0.1.0
    globalServerURLs: 2.82.1
    groups: 2.81.2
    nameOverrides: 2.81.3
    sdkHooks: 0.1.0
generatedFiles:
  - .gitattributes
  - CONTRIBUTING.md
  - USAGE.md
  - build.gradle
  - docs/models/components/ApiResponse.md
  - docs/models/components/Category.md
  - docs/models/components/Order.md
  - docs/models/components/OrderStatus.md
  - docs/models/components/Pet.md
  - docs/models/components/Security.md
  - docs/models/components/Status.md
  - docs/models/components/Tag.md
  - docs/models/components/User.md
  - docs/models/errors/ApiErrorInvalidInput.md
  - docs/models/errors/ApiErrorNotFound.md
  - docs/models/errors/ApiErrorUnauthorized.md
  - docs/models/operations/AddPetResponse.md
  - docs/models/operations/CreateUserResponse.md
  - docs/models/operations/CreateUsersWithListInputResponse.md
  - docs/models/operations/DeleteOrderRequest.md
  - docs/models/operations/DeleteOrderResponse.md
  - docs/models/operations/DeletePetRequest.md
  - docs/models/operations/DeletePetResponse.md
  - docs/models/operations/DeleteUserRequest.md
  - docs/models/operations/DeleteUserResponse.md
  - docs/models/operations/FindPetsByStatusRequest.md
  - docs/models/operations/FindPetsByStatusResponse.md
  - docs/models/operations/FindPetsByTagsRequest.md
  - docs/models/operations/FindPetsByTagsResponse.md
  - docs/models/operations/GetInventoryResponse.md
  - docs/models/operations/GetOrderByIdRequest.md
  - docs/models/operations/GetOrderByIdResponse.md
  - docs/models/operations/GetPetByIdRequest.md
  - docs/models/operations/GetPetByIdResponse.md
  - docs/models/operations/GetUserByNameRequest.md
  - docs/models/operations/GetUserByNameResponse.md
  - docs/models/operations/LoginUserRequest.md
  - docs/models/operations/LoginUserResponse.md
  - docs/models/operations/LogoutUserResponse.md
  - docs/models/operations/PlaceOrderResponse.md
  - docs/models/operations/Status.md
  - docs/models/operations/UpdatePetResponse.md
  - docs/models/operations/UpdateUserRequest.md
  - docs/models/operations/UpdateUserResponse.md
  - docs/models/operations/UploadFileRequest.md
  - docs/models/operations/UploadFileResponse.md
  - docs/sdks/orders/README.md
  - docs/sdks/pet/README.md
  - docs/sdks/petstore/README.md
  - docs/sdks/store/README.md
  - docs/sdks/user/README.md
  - gradle/wrapper/gradle-wrapper.jar
  - gradle/wrapper/gradle-wrapper.properties
  - gradlew
  - gradlew.bat
  - settings.gradle
  - src/main/java/com/vgd/openapi/Orders.java
  - src/main/java/com/vgd/openapi/Pet.java
  - src/main/java/com/vgd/openapi/Petstore.java
  - src/main/java/com/vgd/openapi/SDKConfiguration.java
  - src/main/java/com/vgd/openapi/SecuritySource.java
  - src/main/java/com/vgd/openapi/Store.java
  - src/main/java/com/vgd/openapi/User.java
  - src/main/java/com/vgd/openapi/models/components/ApiResponse.java
  - src/main/java/com/vgd/openapi/models/components/Category.java
  - src/main/java/com/vgd/openapi/models/components/Order.java
  - src/main/java/com/vgd/openapi/models/components/OrderStatus.java
  - src/main/java/com/vgd/openapi/models/components/Pet.java
  - src/main/java/com/vgd/openapi/models/components/Security.java
  - src/main/java/com/vgd/openapi/models/components/Status.java
  - src/main/java/com/vgd/openapi/models/components/Tag.java
  - src/main/java/com/vgd/openapi/models/components/User.java
  - src/main/java/com/vgd/openapi/models/errors/APIException.java
  - src/main/java/com/vgd/openapi/models/errors/ApiErrorInvalidInput.java
  - src/main/java/com/vgd/openapi/models/errors/ApiErrorNotFound.java
  - src/main/java/com/vgd/openapi/models/errors/ApiErrorUnauthorized.java
  - src/main/java/com/vgd/openapi/models/errors/AuthException.java
  - src/main/java/com/vgd/openapi/models/operations/AddPetRequestBuilder.java
  - src/main/java/com/vgd/openapi/models/operations/AddPetResponse.java
  - src/main/java/com/vgd/openapi/models/operations/CreateUserRequestBuilder.java
  - src/main/java/com/vgd/openapi/models/operations/CreateUserResponse.java
  - src/main/java/com/vgd/openapi/models/operations/CreateUsersWithListInputRequestBuilder.java
  - src/main/java/com/vgd/openapi/models/operations/CreateUsersWithListInputResponse.java
  - src/main/java/com/vgd/openapi/models/operations/DeleteOrderRequest.java
  - src/main/java/com/vgd/openapi/models/operations/DeleteOrderRequestBuilder.java
  - src/main/java/com/vgd/openapi/models/operations/DeleteOrderResponse.java
  - src/main/java/com/vgd/openapi/models/operations/DeletePetRequest.java
  - src/main/java/com/vgd/openapi/models/operations/DeletePetRequestBuilder.java
  - src/main/java/com/vgd/openapi/models/operations/DeletePetResponse.java
  - src/main/java/com/vgd/openapi/models/operations/DeleteUserRequest.java
  - src/main/java/com/vgd/openapi/models/operations/DeleteUserRequestBuilder.java
  - src/main/java/com/vgd/openapi/models/operations/DeleteUserResponse.java
  - src/main/java/com/vgd/openapi/models/operations/FindPetsByStatusRequest.java
  - src/main/java/com/vgd/openapi/models/operations/FindPetsByStatusRequestBuilder.java
  - src/main/java/com/vgd/openapi/models/operations/FindPetsByStatusResponse.java
  - src/main/java/com/vgd/openapi/models/operations/FindPetsByTagsRequest.java
  - src/main/java/com/vgd/openapi/models/operations/FindPetsByTagsRequestBuilder.java
  - src/main/java/com/vgd/openapi/models/operations/FindPetsByTagsResponse.java
  - src/main/java/com/vgd/openapi/models/operations/GetInventoryRequestBuilder.java
  - src/main/java/com/vgd/openapi/models/operations/GetInventoryResponse.java
  - src/main/java/com/vgd/openapi/models/operations/GetOrderByIdRequest.java
  - src/main/java/com/vgd/openapi/models/operations/GetOrderByIdRequestBuilder.java
  - src/main/java/com/vgd/openapi/models/operations/GetOrderByIdResponse.java
  - src/main/java/com/vgd/openapi/models/operations/GetPetByIdRequest.java
  - src/main/java/com/vgd/openapi/models/operations/GetPetByIdRequestBuilder.java
  - src/main/java/com/vgd/openapi/models/operations/GetPetByIdResponse.java
  - src/main/java/com/vgd/openapi/models/operations/GetUserByNameRequest.java
  - src/main/java/com/vgd/openapi/models/operations/GetUserByNameRequestBuilder.java
  - src/main/java/com/vgd/openapi/models/operations/GetUserByNameResponse.java
  - src/main/java/com/vgd/openapi/models/operations/LoginUserRequest.java
  - src/main/java/com/vgd/openapi/models/operations/LoginUserRequestBuilder.java
  - src/main/java/com/vgd/openapi/models/operations/LoginUserResponse.java
  - src/main/java/com/vgd/openapi/models/operations/LogoutUserRequestBuilder.java
  - src/main/java/com/vgd/openapi/models/operations/LogoutUserResponse.java
  - src/main/java/com/vgd/openapi/models/operations/PlaceOrderRequestBuilder.java
  - src/main/java/com/vgd/openapi/models/operations/PlaceOrderResponse.java
  - src/main/java/com/vgd/openapi/models/operations/SDKMethodInterfaces.java
  - src/main/java/com/vgd/openapi/models/operations/Status.java
  - src/main/java/com/vgd/openapi/models/operations/UpdatePetRequestBuilder.java
  - src/main/java/com/vgd/openapi/models/operations/UpdatePetResponse.java
  - src/main/java/com/vgd/openapi/models/operations/UpdateUserRequest.java
  - src/main/java/com/vgd/openapi/models/operations/UpdateUserRequestBuilder.java
  - src/main/java/com/vgd/openapi/models/operations/UpdateUserResponse.java
  - src/main/java/com/vgd/openapi/models/operations/UploadFileRequest.java
  - src/main/java/com/vgd/openapi/models/operations/UploadFileRequestBuilder.java
  - src/main/java/com/vgd/openapi/models/operations/UploadFileResponse.java
  - src/main/java/com/vgd/openapi/utils/BackoffStrategy.java
  - src/main/java/com/vgd/openapi/utils/BigDecimalString.java
  - src/main/java/com/vgd/openapi/utils/BigIntegerString.java
  - src/main/java/com/vgd/openapi/utils/Deserializers.java
  - src/main/java/com/vgd/openapi/utils/EventStream.java
  - src/main/java/com/vgd/openapi/utils/EventStreamLineReader.java
  - src/main/java/com/vgd/openapi/utils/EventStreamMessage.java
  - src/main/java/com/vgd/openapi/utils/EventStreamReader.java
  - src/main/java/com/vgd/openapi/utils/FormMetadata.java
  - src/main/java/com/vgd/openapi/utils/HTTPClient.java
  - src/main/java/com/vgd/openapi/utils/HTTPRequest.java
  - src/main/java/com/vgd/openapi/utils/HeaderMetadata.java
  - src/main/java/com/vgd/openapi/utils/Helpers.java
  - src/main/java/com/vgd/openapi/utils/Hook.java
  - src/main/java/com/vgd/openapi/utils/Hooks.java
  - src/main/java/com/vgd/openapi/utils/JSON.java
  - src/main/java/com/vgd/openapi/utils/LazySingletonValue.java
  - src/main/java/com/vgd/openapi/utils/Metadata.java
  - src/main/java/com/vgd/openapi/utils/MultipartFormMetadata.java
  - src/main/java/com/vgd/openapi/utils/OneOfDeserializer.java
  - src/main/java/com/vgd/openapi/utils/Options.java
  - src/main/java/com/vgd/openapi/utils/PathParamsMetadata.java
  - src/main/java/com/vgd/openapi/utils/QueryParameters.java
  - src/main/java/com/vgd/openapi/utils/QueryParamsMetadata.java
  - src/main/java/com/vgd/openapi/utils/RequestBody.java
  - src/main/java/com/vgd/openapi/utils/RequestMetadata.java
  - src/main/java/com/vgd/openapi/utils/Response.java
  - src/main/java/com/vgd/openapi/utils/Retries.java
  - src/main/java/com/vgd/openapi/utils/RetryConfig.java
  - src/main/java/com/vgd/openapi/utils/Security.java
  - src/main/java/com/vgd/openapi/utils/SecurityMetadata.java
  - src/main/java/com/vgd/openapi/utils/SerializedBody.java
  - src/main/java/com/vgd/openapi/utils/SpeakeasyHTTPClient.java
  - src/main/java/com/vgd/openapi/utils/SpeakeasyMetadata.java
  - src/main/java/com/vgd/openapi/utils/TypedObject.java
  - src/main/java/com/vgd/openapi/utils/Types.java
  - src/main/java/com/vgd/openapi/utils/Utils.java
examples:
  updatePet:
    speakeasy-default-update-pet:
      requestBody:
        application/json: {"id": 10, "name": "doggie", "category": {"id": 1, "name": "Dogs"}, "photoUrls": ["<value>", "<value>"]}
      responses:
        "200":
          application/json: {"id": 10, "name": "doggie", "category": {"id": 1, "name": "Dogs"}, "photoUrls": ["<value>"]}
        "400":
          application/json: {"status": 400, "error": "Bad request"}
        "401":
          application/json: {"status": 401, "error": "Unauthorized"}
        "404":
          application/json: {"status": 404, "error": "Not Found", "code": "object_not_found"}
  addPet:
    speakeasy-default-add-pet:
      requestBody:
        application/json: {"id": 10, "name": "doggie", "category": {"id": 1, "name": "Dogs"}, "photoUrls": ["<value>"]}
      responses:
        "200":
          application/json: {"id": 10, "name": "doggie", "category": {"id": 1, "name": "Dogs"}, "photoUrls": ["<value>"]}
  findPetsByStatus:
    speakeasy-default-find-pets-by-status:
      responses:
        "200":
          application/json: [{"id": 10, "name": "doggie", "category": {"id": 1, "name": "Dogs"}, "photoUrls": []}, {"id": 10, "name": "doggie", "category": {"id": 1, "name": "Dogs"}, "photoUrls": ["<value>"]}, {"id": 10, "name": "doggie", "category": {"id": 1, "name": "Dogs"}, "photoUrls": []}]
        "400":
          application/json: {"status": 400, "error": "Bad request"}
        "401":
          application/json: {"status": 401, "error": "Unauthorized"}
        "404":
          application/json: {"status": 404, "error": "Not Found", "code": "object_not_found"}
  findPetsByTags:
    speakeasy-default-find-pets-by-tags:
      responses:
        "200":
          application/json: [{"id": 10, "name": "doggie", "category": {"id": 1, "name": "Dogs"}, "photoUrls": ["<value>", "<value>", "<value>"]}]
        "400":
          application/json: {"status": 400, "error": "Bad request"}
        "401":
          application/json: {"status": 401, "error": "Unauthorized"}
        "404":
          application/json: {"status": 404, "error": "Not Found", "code": "object_not_found"}
  getPetById:
    speakeasy-default-get-pet-by-id:
      parameters:
        path:
          petId: 504151
      responses:
        "200":
          application/json: {"id": 10, "name": "doggie", "category": {"id": 1, "name": "Dogs"}, "photoUrls": []}
        "400":
          application/json: {"status": 400, "error": "Bad request"}
        "401":
          application/json: {"status": 401, "error": "Unauthorized"}
        "404":
          application/json: {"status": 404, "error": "Not Found", "code": "object_not_found"}
  deletePet:
    speakeasy-default-delete-pet:
      parameters:
        path:
          petId: 441876
        header: {}
      responses:
        "200":
          application/json: {"id": 10, "name": "doggie", "category": {"id": 1, "name": "Dogs"}, "photoUrls": ["<value>"]}
        "400":
          application/json: {"status": 400, "error": "Bad request"}
        "401":
          application/json: {"status": 401, "error": "Unauthorized"}
        "404":
          application/json: {"status": 404, "error": "Not Found", "code": "object_not_found"}
  uploadFile:
    speakeasy-default-upload-file:
      parameters:
        path:
          petId: 565380
        query: {}
  getInventory:
    speakeasy-default-get-inventory:
      responses:
        "200":
          application/json: {"key": 373538}
        "401":
          application/json: {"status": 401, "error": "Unauthorized"}
        "404":
          application/json: {"status": 404, "error": "Not Found", "code": "object_not_found"}
  placeOrder:
    speakeasy-default-place-order:
      requestBody:
        application/json: {"id": 10, "petId": 198772, "quantity": 7, "status": "approved"}
      responses:
        "200":
          application/json: {"id": 10, "petId": 198772, "quantity": 7, "status": "approved"}
        "401":
          application/json: {"status": 401, "error": "Unauthorized"}
        "404":
          application/json: {"status": 404, "error": "Not Found", "code": "object_not_found"}
  getOrderById:
    speakeasy-default-get-order-by-id:
      parameters:
        path:
          orderId: 614993
      responses:
        "200":
          application/json: {"id": 10, "petId": 198772, "quantity": 7, "status": "approved"}
        "400":
          application/json: {"status": 400, "error": "Bad request"}
        "401":
          application/json: {"status": 401, "error": "Unauthorized"}
        "404":
          application/json: {"status": 404, "error": "Not Found", "code": "object_not_found"}
  deleteOrder:
    speakeasy-default-delete-order:
      parameters:
        path:
          orderId: 127902
      responses:
        "200":
          application/json: {"id": 10, "petId": 198772, "quantity": 7, "status": "approved"}
        "400":
          application/json: {"status": 400, "error": "Bad request"}
        "401":
          application/json: {"status": 401, "error": "Unauthorized"}
        "404":
          application/json: {"status": 404, "error": "Not Found", "code": "object_not_found"}
  createUser:
    speakeasy-default-create-user:
      requestBody:
        application/json: {"id": 10, "username": "theUser", "firstName": "John", "lastName": "James", "email": "john@email.com", "password": "12345", "phone": "12345", "userStatus": 1}
      responses:
        "200":
          application/json: {"id": 10, "username": "theUser", "firstName": "John", "lastName": "James", "email": "john@email.com", "password": "12345", "phone": "12345", "userStatus": 1}
  createUsersWithListInput:
    speakeasy-default-create-users-with-list-input:
      requestBody:
        application/json: []
      responses:
        "200":
          application/json: {"id": 10, "username": "theUser", "firstName": "John", "lastName": "James", "email": "john@email.com", "password": "12345", "phone": "12345", "userStatus": 1}
  loginUser:
    speakeasy-default-login-user:
      responses:
        "200":
          application/json: "<value>"
        "400":
          application/json: {"status": 400, "error": "Bad request"}
        "401":
          application/json: {"status": 401, "error": "Unauthorized"}
        "404":
          application/json: {"status": 404, "error": "Not Found", "code": "object_not_found"}
  logoutUser: {}
  getUserByName:
    speakeasy-default-get-user-by-name:
      parameters:
        path:
          username: "Zachery_Lubowitz15"
      responses:
        "200":
          application/json: {"id": 10, "username": "theUser", "firstName": "John", "lastName": "James", "email": "john@email.com", "password": "12345", "phone": "12345", "userStatus": 1}
        "400":
          application/json: {"status": 400, "error": "Bad request"}
        "401":
          application/json: {"status": 401, "error": "Unauthorized"}
        "404":
          application/json: {"status": 404, "error": "Not Found", "code": "object_not_found"}
  updateUser:
    speakeasy-default-update-user:
      parameters:
        path:
          username: "Dandre_Hand41"
      requestBody:
        application/json: {"id": 10, "username": "theUser", "firstName": "John", "lastName": "James", "email": "john@email.com", "password": "12345", "phone": "12345", "userStatus": 1}
  deleteUser:
    speakeasy-default-delete-user:
      parameters:
        path:
          username: "Demetris_Schmitt"
      responses:
        "200":
          application/json: {"id": 10, "username": "theUser", "firstName": "John", "lastName": "James", "email": "john@email.com", "password": "12345", "phone": "12345", "userStatus": 1}
        "400":
          application/json: {"status": 400, "error": "Bad request"}
        "401":
          application/json: {"status": 401, "error": "Unauthorized"}
        "404":
          application/json: {"status": 404, "error": "Not Found", "code": "object_not_found"}
