speakeasyVersion: 1.444.1
sources:
    petstore-oas:
        sourceNamespace: petstore-oas
        sourceRevisionDigest: sha256:3da5b76496a8b45145363b676a8586ffe315ea3c04b85e4f2e72157c39bf4802
        sourceBlobDigest: sha256:bf93251951d084def39a18fcb6eda0d5524608f91988b4f7adcc1484297a9e77
        tags:
            - latest
            - speakeasy-sdk-regen-1731616003
    swapi-oas:
        sourceNamespace: petstore-oas
        sourceRevisionDigest: sha256:a1e99ab7bf5c9340c0789201a61b5f60c392f26975a809ff254bae90c661e3f2
        sourceBlobDigest: sha256:f9a6767b93212f784888202459af96a96b24bb279bff4f7773305cfb5b167026
        tags:
            - latest
targets:
    deathstar:
        source: swapi-oas
        sourceNamespace: petstore-oas
        sourceRevisionDigest: sha256:a1e99ab7bf5c9340c0789201a61b5f60c392f26975a809ff254bae90c661e3f2
        sourceBlobDigest: sha256:f9a6767b93212f784888202459af96a96b24bb279bff4f7773305cfb5b167026
        codeSamplesNamespace: petstore-oas-code-samples
        codeSamplesRevisionDigest: sha256:658710460649f0a81567fa08bdb7835d1911bab8d2418ba6efe469d221dba08b
    petstore:
        source: petstore-oas
        sourceNamespace: petstore-oas
        sourceRevisionDigest: sha256:3da5b76496a8b45145363b676a8586ffe315ea3c04b85e4f2e72157c39bf4802
        sourceBlobDigest: sha256:bf93251951d084def39a18fcb6eda0d5524608f91988b4f7adcc1484297a9e77
        codeSamplesNamespace: petstore-oas-code-samples
        codeSamplesRevisionDigest: sha256:7a9529ce7e119f5a393907cbdbc3e4a6ff4ed6cb58a8cc425a085bc6fcb05dbf
workflow:
    workflowVersion: 1.0.0
    speakeasyVersion: latest
    sources:
        swapi-oas:
            inputs:
                - location: openapi.yaml
            overlays:
                - location: .speakeasy/speakeasy-modifications-overlay.yaml
            registry:
                location: registry.speakeasyapi.dev/deathstar/deathstar/petstore-oas
    targets:
        deathstar:
            target: java
            source: swapi-oas
            publish:
                java:
                    ossrhUsername: K/ItR2x+
                    ossrhPassword: $ossrh_password
                    gpgSecretKey: $java_gpg_secret_key
                    gpgPassPhrase: $java_gpg_passphrase
                    useSonatypeLegacy: true
            codeSamples:
                registry:
                    location: registry.speakeasyapi.dev/deathstar/deathstar/petstore-oas-code-samples
                blocking: false
