speakeasyVersion: 1.459.2
sources:
    petstore-oas:
        sourceNamespace: petstore-oas
        sourceRevisionDigest: sha256:3da5b76496a8b45145363b676a8586ffe315ea3c04b85e4f2e72157c39bf4802
        sourceBlobDigest: sha256:bf93251951d084def39a18fcb6eda0d5524608f91988b4f7adcc1484297a9e77
        tags:
            - latest
            - speakeasy-sdk-regen-1731616003
    swapi-oas:
        sourceNamespace: petstore-oas
        sourceRevisionDigest: sha256:34fa6c69cc7cfac9986306d8dddd128d4439e9f8e521869f8351212f711e14e3
        sourceBlobDigest: sha256:d8370b74d3c1f44eb95d44b99784b994a1780302f1dac2a2f20e6263f9bd71e5
        tags:
            - latest
            - speakeasy-sdk-regen-1732495942
            - 1.0.0
targets:
    deathstar:
        source: swapi-oas
        sourceNamespace: petstore-oas
        sourceRevisionDigest: sha256:34fa6c69cc7cfac9986306d8dddd128d4439e9f8e521869f8351212f711e14e3
        sourceBlobDigest: sha256:d8370b74d3c1f44eb95d44b99784b994a1780302f1dac2a2f20e6263f9bd71e5
        codeSamplesNamespace: petstore-oas-java-code-samples
        codeSamplesRevisionDigest: sha256:66f33f88bdab0550d5263b2d51379418708b9de51e50452ffaca3068e64471d8
    petstore:
        source: petstore-oas
        sourceNamespace: petstore-oas
        sourceRevisionDigest: sha256:3da5b76496a8b45145363b676a8586ffe315ea3c04b85e4f2e72157c39bf4802
        sourceBlobDigest: sha256:bf93251951d084def39a18fcb6eda0d5524608f91988b4f7adcc1484297a9e77
        codeSamplesNamespace: petstore-oas-code-samples
        codeSamplesRevisionDigest: sha256:7a9529ce7e119f5a393907cbdbc3e4a6ff4ed6cb58a8cc425a085bc6fcb05dbf
workflow:
    workflowVersion: 1.0.0
    speakeasyVersion: latest
    sources:
        swapi-oas:
            inputs:
                - location: openapi.yaml
            overlays:
                - location: .speakeasy/speakeasy-modifications-overlay.yaml
            registry:
                location: registry.speakeasyapi.dev/deathstar/deathstar/petstore-oas
    targets:
        deathstar:
            target: java
            source: swapi-oas
            publish:
                java:
                    ossrhUsername: K/ItR2x+
                    ossrhPassword: $ossrh_password
                    gpgSecretKey: $java_gpg_secret_key
                    gpgPassPhrase: $java_gpg_passphrase
                    useSonatypeLegacy: true
            codeSamples:
                registry:
                    location: registry.speakeasyapi.dev/deathstar/deathstar/petstore-oas-java-code-samples
                blocking: false
