speakeasyVersion: 1.444.1
sources:
    petstore-oas:
        sourceNamespace: petstore-oas
        sourceRevisionDigest: sha256:3da5b76496a8b45145363b676a8586ffe315ea3c04b85e4f2e72157c39bf4802
        sourceBlobDigest: sha256:bf93251951d084def39a18fcb6eda0d5524608f91988b4f7adcc1484297a9e77
        tags:
            - latest
            - speakeasy-sdk-regen-1731616003
targets:
    petstore:
        source: petstore-oas
        sourceNamespace: petstore-oas
        sourceRevisionDigest: sha256:3da5b76496a8b45145363b676a8586ffe315ea3c04b85e4f2e72157c39bf4802
        sourceBlobDigest: sha256:bf93251951d084def39a18fcb6eda0d5524608f91988b4f7adcc1484297a9e77
        codeSamplesNamespace: petstore-oas-code-samples
        codeSamplesRevisionDigest: sha256:7a9529ce7e119f5a393907cbdbc3e4a6ff4ed6cb58a8cc425a085bc6fcb05dbf
workflow:
    workflowVersion: 1.0.0
    speakeasyVersion: latest
    sources:
        petstore-oas:
            inputs:
                - location: openapi.yaml
            overlays:
                - location: .speakeasy/speakeasy-modifications-overlay.yaml
            registry:
                location: registry.speakeasyapi.dev/deathstar/deathstar/petstore-oas
    targets:
        petstore:
            target: java
            source: petstore-oas
            codeSamples:
                registry:
                    location: registry.speakeasyapi.dev/deathstar/deathstar/petstore-oas-code-samples
                blocking: false
